
Microsoft Visual Studio Solution File, Format Version 12.00
# Visual Studio Version 17
VisualStudioVersion = 17.7.34031.279
MinimumVisualStudioVersion = 10.0.40219.1
Project("{9A19103F-16F7-4668-BE54-9A1E7A4F7556}") = "CleanArchMvc.Domain", "CleanArchMvc.Domain\CleanArchMvc.Domain.csproj", "{283BF972-2949-416B-BA63-F667ADEC8B05}"
EndProject
Project("{9A19103F-16F7-4668-BE54-9A1E7A4F7556}") = "CleanArchMvc.Application", "CleanArchMvc.Application\CleanArchMvc.Application.csproj", "{EE1525F1-BA87-416D-8C39-DF2AC9EFD55F}"
EndProject
Project("{9A19103F-16F7-4668-BE54-9A1E7A4F7556}") = "CleanArchMvc.Infra.Data", "CleanArchMvc.Infra.Data\CleanArchMvc.Infra.Data.csproj", "{E7DE6105-A59F-476A-8BF0-173AEDC31D20}"
EndProject
Project("{9A19103F-16F7-4668-BE54-9A1E7A4F7556}") = "CleanArchMvc.Infra.IoC", "CleanArchMvc.Infra.IoC\CleanArchMvc.Infra.IoC.csproj", "{9007E15D-20FE-4BD4-B490-745F45420301}"
EndProject
Project("{9A19103F-16F7-4668-BE54-9A1E7A4F7556}") = "CleanArchMvc.WebUI", "CleanArchMvc.WebUI\CleanArchMvc.WebUI.csproj", "{ED1B9CFD-5E46-45CB-B364-5F77EFBBD127}"
EndProject
Project("{9A19103F-16F7-4668-BE54-9A1E7A4F7556}") = "CleanArchMvc.Domain.Tests", "CleanArchMvc.Domain.Tests\CleanArchMvc.Domain.Tests.csproj", "{7AA7A7B8-A420-4436-A5A4-FCAE5D279F0E}"
EndProject
Project("{FAE04EC0-301F-11D3-BF4B-00C04F79EFBC}") = "CleanArchMvc.API", "CleanArchMvc.API\CleanArchMvc.API.csproj", "{E6DB1D3F-8CEE-4FC6-B97C-A249CB58744D}"
EndProject
Global
	GlobalSection(SolutionConfigurationPlatforms) = preSolution
		Debug|Any CPU = Debug|Any CPU
		Release|Any CPU = Release|Any CPU
	EndGlobalSection
	GlobalSection(ProjectConfigurationPlatforms) = postSolution
		{283BF972-2949-416B-BA63-F667ADEC8B05}.Debug|Any CPU.ActiveCfg = Debug|Any CPU
		{283BF972-2949-416B-BA63-F667ADEC8B05}.Debug|Any CPU.Build.0 = Debug|Any CPU
		{283BF972-2949-416B-BA63-F667ADEC8B05}.Release|Any CPU.ActiveCfg = Release|Any CPU
		{283BF972-2949-416B-BA63-F667ADEC8B05}.Release|Any CPU.Build.0 = Release|Any CPU
		{EE1525F1-BA87-416D-8C39-DF2AC9EFD55F}.Debug|Any CPU.ActiveCfg = Debug|Any CPU
		{EE1525F1-BA87-416D-8C39-DF2AC9EFD55F}.Debug|Any CPU.Build.0 = Debug|Any CPU
		{EE1525F1-BA87-416D-8C39-DF2AC9EFD55F}.Release|Any CPU.ActiveCfg = Release|Any CPU
		{EE1525F1-BA87-416D-8C39-DF2AC9EFD55F}.Release|Any CPU.Build.0 = Release|Any CPU
		{E7DE6105-A59F-476A-8BF0-173AEDC31D20}.Debug|Any CPU.ActiveCfg = Debug|Any CPU
		{E7DE6105-A59F-476A-8BF0-173AEDC31D20}.Debug|Any CPU.Build.0 = Debug|Any CPU
		{E7DE6105-A59F-476A-8BF0-173AEDC31D20}.Release|Any CPU.ActiveCfg = Release|Any CPU
		{E7DE6105-A59F-476A-8BF0-173AEDC31D20}.Release|Any CPU.Build.0 = Release|Any CPU
		{9007E15D-20FE-4BD4-B490-745F45420301}.Debug|Any CPU.ActiveCfg = Debug|Any CPU
		{9007E15D-20FE-4BD4-B490-745F45420301}.Debug|Any CPU.Build.0 = Debug|Any CPU
		{9007E15D-20FE-4BD4-B490-745F45420301}.Release|Any CPU.ActiveCfg = Release|Any CPU
		{9007E15D-20FE-4BD4-B490-745F45420301}.Release|Any CPU.Build.0 = Release|Any CPU
		{ED1B9CFD-5E46-45CB-B364-5F77EFBBD127}.Debug|Any CPU.ActiveCfg = Debug|Any CPU
		{ED1B9CFD-5E46-45CB-B364-5F77EFBBD127}.Debug|Any CPU.Build.0 = Debug|Any CPU
		{ED1B9CFD-5E46-45CB-B364-5F77EFBBD127}.Release|Any CPU.ActiveCfg = Release|Any CPU
		{ED1B9CFD-5E46-45CB-B364-5F77EFBBD127}.Release|Any CPU.Build.0 = Release|Any CPU
		{7AA7A7B8-A420-4436-A5A4-FCAE5D279F0E}.Debug|Any CPU.ActiveCfg = Debug|Any CPU
		{7AA7A7B8-A420-4436-A5A4-FCAE5D279F0E}.Debug|Any CPU.Build.0 = Debug|Any CPU
		{7AA7A7B8-A420-4436-A5A4-FCAE5D279F0E}.Release|Any CPU.ActiveCfg = Release|Any CPU
		{7AA7A7B8-A420-4436-A5A4-FCAE5D279F0E}.Release|Any CPU.Build.0 = Release|Any CPU
		{E6DB1D3F-8CEE-4FC6-B97C-A249CB58744D}.Debug|Any CPU.ActiveCfg = Debug|Any CPU
		{E6DB1D3F-8CEE-4FC6-B97C-A249CB58744D}.Debug|Any CPU.Build.0 = Debug|Any CPU
		{E6DB1D3F-8CEE-4FC6-B97C-A249CB58744D}.Release|Any CPU.ActiveCfg = Release|Any CPU
		{E6DB1D3F-8CEE-4FC6-B97C-A249CB58744D}.Release|Any CPU.Build.0 = Release|Any CPU
	EndGlobalSection
	GlobalSection(SolutionProperties) = preSolution
		HideSolutionNode = FALSE
	EndGlobalSection
	GlobalSection(ExtensibilityGlobals) = postSolution
		SolutionGuid = {2B23F2E8-5DB1-4D05-8EC9-857FEBBEC222}
	EndGlobalSection
EndGlobal
